{
  "pins" : [
    {
      "identity" : "highlightedtexteditor",
      "kind" : "remoteSourceControl",
      "location" : "https://github.com/kyle-n/HighlightedTextEditor",
      "state" : {
        "revision" : "7069ede002afc6bde867aef7035f45ff72dc839c",
        "version" : "2.1.0"
      }
    },
    {
      "identity" : "swiftui-introspect",
      "kind" : "remoteSourceControl",
      "location" : "https://github.com/siteline/SwiftUI-Introspect.git",
      "state" : {
        "branch" : "master",
        "revision" : "c18951c747ab62af7c15e17a81bd37d4fd5a9979"
      }
    }
  ],
  "version" : 2
}
